
Microsoft Visual Studio Solution File, Format Version 12.00
# Visual Studio Version 17
VisualStudioVersion = 17.0.31903.59
MinimumVisualStudioVersion = 10.0.40219.1
Project("{F2A71F9B-5D33-465A-A702-920D77279786}") = "FsHtmlKit.Spec", "FsHtmlKit.Spec\FsHtmlKit.Spec.fsproj", "{7AADF777-12A8-4576-BBC6-CBFED585C5FA}"
EndProject
Project("{F2A71F9B-5D33-465A-A702-920D77279786}") = "FsHtmlKit", "FsHtmlKit\FsHtmlKit.fsproj", "{6F018C0F-4330-428D-92FE-746945BDD8F2}"
EndProject
Global
	GlobalSection(SolutionConfigurationPlatforms) = preSolution
		Debug|Any CPU = Debug|Any CPU
		Release|Any CPU = Release|Any CPU
	EndGlobalSection
	GlobalSection(SolutionProperties) = preSolution
		HideSolutionNode = FALSE
	EndGlobalSection
	GlobalSection(ProjectConfigurationPlatforms) = postSolution
		{7AADF777-12A8-4576-BBC6-CBFED585C5FA}.Debug|Any CPU.ActiveCfg = Debug|Any CPU
		{7AADF777-12A8-4576-BBC6-CBFED585C5FA}.Debug|Any CPU.Build.0 = Debug|Any CPU
		{7AADF777-12A8-4576-BBC6-CBFED585C5FA}.Release|Any CPU.ActiveCfg = Release|Any CPU
		{7AADF777-12A8-4576-BBC6-CBFED585C5FA}.Release|Any CPU.Build.0 = Release|Any CPU
		{6F018C0F-4330-428D-92FE-746945BDD8F2}.Debug|Any CPU.ActiveCfg = Debug|Any CPU
		{6F018C0F-4330-428D-92FE-746945BDD8F2}.Debug|Any CPU.Build.0 = Debug|Any CPU
		{6F018C0F-4330-428D-92FE-746945BDD8F2}.Release|Any CPU.ActiveCfg = Release|Any CPU
		{6F018C0F-4330-428D-92FE-746945BDD8F2}.Release|Any CPU.Build.0 = Release|Any CPU
	EndGlobalSection
EndGlobal
